
Microsoft Visual Studio Solution File, Format Version 12.00
# Visual Studio Version 16
VisualStudioVersion = 16.0.31313.79
MinimumVisualStudioVersion = 10.0.40219.1
Project("{888888A0-9F3D-457C-B088-3A5042F75D52}") = "z4", "z4.pyproj", "{F46A50D0-46E8-49AA-8B9B-EE8D9B851491}"
EndProject
Global
	GlobalSection(SolutionConfigurationPlatforms) = preSolution
		Debug|Any CPU = Debug|Any CPU
		Release|Any CPU = Release|Any CPU
	EndGlobalSection
	GlobalSection(ProjectConfigurationPlatforms) = postSolution
		{F46A50D0-46E8-49AA-8B9B-EE8D9B851491}.Debug|Any CPU.ActiveCfg = Debug|Any CPU
		{F46A50D0-46E8-49AA-8B9B-EE8D9B851491}.Release|Any CPU.ActiveCfg = Release|Any CPU
	EndGlobalSection
	GlobalSection(SolutionProperties) = preSolution
		HideSolutionNode = FALSE
	EndGlobalSection
	GlobalSection(ExtensibilityGlobals) = postSolution
		SolutionGuid = {70A2B263-D767-40E1-903B-0735938753DC}
	EndGlobalSection
EndGlobal
