
Microsoft Visual Studio Solution File, Format Version 12.00
# Visual Studio Version 16
VisualStudioVersion = 16.0.31313.79
MinimumVisualStudioVersion = 10.0.40219.1
Project("{888888A0-9F3D-457C-B088-3A5042F75D52}") = "server", "server.pyproj", "{62B4554F-3706-4EAC-9733-17ABE1BBCDAC}"
EndProject
Global
	GlobalSection(SolutionConfigurationPlatforms) = preSolution
		Debug|Any CPU = Debug|Any CPU
		Release|Any CPU = Release|Any CPU
	EndGlobalSection
	GlobalSection(ProjectConfigurationPlatforms) = postSolution
		{62B4554F-3706-4EAC-9733-17ABE1BBCDAC}.Debug|Any CPU.ActiveCfg = Debug|Any CPU
		{62B4554F-3706-4EAC-9733-17ABE1BBCDAC}.Release|Any CPU.ActiveCfg = Release|Any CPU
	EndGlobalSection
	GlobalSection(SolutionProperties) = preSolution
		HideSolutionNode = FALSE
	EndGlobalSection
	GlobalSection(ExtensibilityGlobals) = postSolution
		SolutionGuid = {0D051233-7D2A-4121-91E2-C14ADF27560D}
	EndGlobalSection
EndGlobal
