
Microsoft Visual Studio Solution File, Format Version 12.00
# Visual Studio Version 16
VisualStudioVersion = 16.0.31313.79
MinimumVisualStudioVersion = 10.0.40219.1
Project("{888888A0-9F3D-457C-B088-3A5042F75D52}") = "server", "server.pyproj", "{4F1E7A3F-A028-4562-A63C-F1337CC3A9AA}"
EndProject
Global
	GlobalSection(SolutionConfigurationPlatforms) = preSolution
		Debug|Any CPU = Debug|Any CPU
		Release|Any CPU = Release|Any CPU
	EndGlobalSection
	GlobalSection(ProjectConfigurationPlatforms) = postSolution
		{4F1E7A3F-A028-4562-A63C-F1337CC3A9AA}.Debug|Any CPU.ActiveCfg = Debug|Any CPU
		{4F1E7A3F-A028-4562-A63C-F1337CC3A9AA}.Release|Any CPU.ActiveCfg = Release|Any CPU
	EndGlobalSection
	GlobalSection(SolutionProperties) = preSolution
		HideSolutionNode = FALSE
	EndGlobalSection
	GlobalSection(ExtensibilityGlobals) = postSolution
		SolutionGuid = {AD233AB4-E218-4EB7-838D-5733EA99F22C}
	EndGlobalSection
EndGlobal
